
Microsoft Visual Studio Solution File, Format Version 12.00
# Visual Studio 15
VisualStudioVersion = 15.0.26730.16
MinimumVisualStudioVersion = 10.0.40219.1
Project("{FAE04EC0-301F-11D3-BF4B-00C04F79EFBC}") = "labrab13", "labrab13\labrab13.csproj", "{90FAB096-8335-4F92-B594-39A2D2D485FB}"
EndProject
Global
	GlobalSection(SolutionConfigurationPlatforms) = preSolution
		Debug|Any CPU = Debug|Any CPU
		Release|Any CPU = Release|Any CPU
	EndGlobalSection
	GlobalSection(ProjectConfigurationPlatforms) = postSolution
		{90FAB096-8335-4F92-B594-39A2D2D485FB}.Debug|Any CPU.ActiveCfg = Debug|Any CPU
		{90FAB096-8335-4F92-B594-39A2D2D485FB}.Debug|Any CPU.Build.0 = Debug|Any CPU
		{90FAB096-8335-4F92-B594-39A2D2D485FB}.Release|Any CPU.ActiveCfg = Release|Any CPU
		{90FAB096-8335-4F92-B594-39A2D2D485FB}.Release|Any CPU.Build.0 = Release|Any CPU
	EndGlobalSection
	GlobalSection(SolutionProperties) = preSolution
		HideSolutionNode = FALSE
	EndGlobalSection
	GlobalSection(ExtensibilityGlobals) = postSolution
		SolutionGuid = {700352E7-93F0-4302-8939-E493F4E2261B}
	EndGlobalSection
EndGlobal
